
Microsoft Visual Studio Solution File, Format Version 10.00
# Visual Studio 2008
Project("{FAE04EC0-301F-11D3-BF4B-00C04F79EFBC}") = "Client", "Client\Client.csproj", "{B25A1267-8FEB-4C89-B70D-05E3D040EA3E}"
EndProject
Global
	GlobalSection(SolutionConfigurationPlatforms) = preSolution
		Debug|Any CPU = Debug|Any CPU
		Release|Any CPU = Release|Any CPU
	EndGlobalSection
	GlobalSection(ProjectConfigurationPlatforms) = postSolution
		{B25A1267-8FEB-4C89-B70D-05E3D040EA3E}.Debug|Any CPU.ActiveCfg = Debug|Any CPU
		{B25A1267-8FEB-4C89-B70D-05E3D040EA3E}.Debug|Any CPU.Build.0 = Debug|Any CPU
		{B25A1267-8FEB-4C89-B70D-05E3D040EA3E}.Release|Any CPU.ActiveCfg = Release|Any CPU
		{B25A1267-8FEB-4C89-B70D-05E3D040EA3E}.Release|Any CPU.Build.0 = Release|Any CPU
	EndGlobalSection
	GlobalSection(SolutionProperties) = preSolution
		HideSolutionNode = FALSE
	EndGlobalSection
EndGlobal
